
Microsoft Visual Studio Solution File, Format Version 12.00
# Visual Studio Version 17
VisualStudioVersion = 17.9.34728.123
MinimumVisualStudioVersion = 10.0.40219.1
Project("{FAE04EC0-301F-11D3-BF4B-00C04F79EFBC}") = "TheCSharpPlayground", "TheCSharpPlayground.csproj", "{8B706D32-F87C-4176-82EE-760719BAC1C5}"
EndProject
Global
	GlobalSection(SolutionConfigurationPlatforms) = preSolution
		Debug|Any CPU = Debug|Any CPU
		Release|Any CPU = Release|Any CPU
	EndGlobalSection
	GlobalSection(ProjectConfigurationPlatforms) = postSolution
		{8B706D32-F87C-4176-82EE-760719BAC1C5}.Debug|Any CPU.ActiveCfg = Debug|Any CPU
		{8B706D32-F87C-4176-82EE-760719BAC1C5}.Debug|Any CPU.Build.0 = Debug|Any CPU
		{8B706D32-F87C-4176-82EE-760719BAC1C5}.Release|Any CPU.ActiveCfg = Release|Any CPU
		{8B706D32-F87C-4176-82EE-760719BAC1C5}.Release|Any CPU.Build.0 = Release|Any CPU
	EndGlobalSection
	GlobalSection(SolutionProperties) = preSolution
		HideSolutionNode = FALSE
	EndGlobalSection
	GlobalSection(ExtensibilityGlobals) = postSolution
		SolutionGuid = {B6C9D9B6-F6E8-4112-8194-C85F494F814C}
	EndGlobalSection
EndGlobal
